{
  "object": {
    "pins": [
      {
        "package": "BigInt",
        "repositoryURL": "https://github.com/attaswift/BigInt.git",
        "state": {
          "branch": null,
          "revision": "889a1ecacd73ccc189c5cb29288048f186c44ed9",
          "version": "5.2.1"
        }
      },
      {
        "package": "CryptoSwift",
        "repositoryURL": "https://github.com/krzyzanowskim/CryptoSwift.git",
        "state": {
          "branch": null,
          "revision": "8d4f6384e0a8cc41f2005247241dd553963a492a",
          "version": "1.4.1"
        }
      },
      {
        "package": "PromiseKit",
        "repositoryURL": "https://github.com/mxcl/PromiseKit.git",
        "state": {
          "branch": null,
          "revision": "d2f7ba14bcdc45e18f4f60ad9df883fb9055f081",
          "version": "6.15.3"
        }
      },
      {
        "package": "secp256k1",
        "repositoryURL": "https://github.com/Boilertalk/secp256k1.swift.git",
        "state": {
          "branch": null,
          "revision": "823281fe9def21b384099b72a9a53ca988317b20",
          "version": "0.1.4"
        }
      },
      {
        "package": "SwiftCryptoTokenFormatter",
        "repositoryURL": "https://github.com/gnosis/SwiftCryptoTokenFormatter.git",
        "state": {
          "branch": null,
          "revision": "6f605fd7bd61327a6006919e28bf3f0632d1c556",
          "version": "1.1.0"
        }
      },
      {
        "package": "TrustKit",
        "repositoryURL": "https://github.com/datatheorem/TrustKit.git",
        "state": {
          "branch": null,
          "revision": "3e98aeb36aff65067cdae55bca7be7f1157deffb",
          "version": "2.0.0"
        }
      },
      {
        "package": "Web3",
        "repositoryURL": "https://github.com/Boilertalk/Web3.swift.git",
        "state": {
          "branch": null,
          "revision": "1a6830ecc093f0f19054fed4c135dfee7bebe2b2",
          "version": "0.5.3"
        }
      }
    ]
  },
  "version": 1
}
